
Microsoft Visual Studio Solution File, Format Version 12.00
# Visual Studio 15
VisualStudioVersion = 15.0.26730.16
MinimumVisualStudioVersion = 10.0.40219.1
Project("{FAE04EC0-301F-11D3-BF4B-00C04F79EFBC}") = "Nostreets Sandbox", "Nostreets Sandbox\Nostreets Sandbox.csproj", "{98CC2DEE-C321-4BF9-8D29-9E5E1ED60060}"
EndProject
Project("{FAE04EC0-301F-11D3-BF4B-00C04F79EFBC}") = "Nostreets Services", "Nostreets Services\Nostreets Services.csproj", "{5574610E-7F20-4793-8D34-3C2C9C1322B8}"
EndProject
Project("{9A19103F-16F7-4668-BE54-9A1E7A4F7556}") = "NostreetsEntities", "..\..\NostreetsEntities\NostreetsEntities.csproj", "{F6C49237-723E-45FF-9C79-46A03AC80448}"
EndProject
Project("{FAE04EC0-301F-11D3-BF4B-00C04F79EFBC}") = "NostreetsORM", "..\..\NostreetsORM\NostreetsORM\NostreetsORM.csproj", "{6E132F1C-F285-4535-ABEE-F02FC0BD18CB}"
EndProject
Project("{FAE04EC0-301F-11D3-BF4B-00C04F79EFBC}") = "NostreetsRouter", "..\..\NostreetsRouter\NostreetsRouter\NostreetsRouter\NostreetsRouter.csproj", "{7E7127D3-3146-46A4-A72A-B05200A1756E}"
EndProject
Project("{FAE04EC0-301F-11D3-BF4B-00C04F79EFBC}") = "NostreetsInterceptor", "..\..\NostreetsInterceptor\NostreetsInterceptor\NostreetsInterceptor.csproj", "{9152C751-21F4-4587-BA93-DD0C139B17F7}"
EndProject
Project("{FAE04EC0-301F-11D3-BF4B-00C04F79EFBC}") = "NostreetsExtensions", "..\..\NostreetsExtensions\NostreetsExtensions.csproj", "{D75EF23C-2E65-4BF7-90D3-C21C73A3E9C3}"
EndProject
Global
	GlobalSection(SolutionConfigurationPlatforms) = preSolution
		Debug|Any CPU = Debug|Any CPU
		Release|Any CPU = Release|Any CPU
	EndGlobalSection
	GlobalSection(ProjectConfigurationPlatforms) = postSolution
		{98CC2DEE-C321-4BF9-8D29-9E5E1ED60060}.Debug|Any CPU.ActiveCfg = Debug|Any CPU
		{98CC2DEE-C321-4BF9-8D29-9E5E1ED60060}.Debug|Any CPU.Build.0 = Debug|Any CPU
		{98CC2DEE-C321-4BF9-8D29-9E5E1ED60060}.Release|Any CPU.ActiveCfg = Release|Any CPU
		{98CC2DEE-C321-4BF9-8D29-9E5E1ED60060}.Release|Any CPU.Build.0 = Release|Any CPU
		{5574610E-7F20-4793-8D34-3C2C9C1322B8}.Debug|Any CPU.ActiveCfg = Debug|Any CPU
		{5574610E-7F20-4793-8D34-3C2C9C1322B8}.Debug|Any CPU.Build.0 = Debug|Any CPU
		{5574610E-7F20-4793-8D34-3C2C9C1322B8}.Release|Any CPU.ActiveCfg = Release|Any CPU
		{5574610E-7F20-4793-8D34-3C2C9C1322B8}.Release|Any CPU.Build.0 = Release|Any CPU
		{F6C49237-723E-45FF-9C79-46A03AC80448}.Debug|Any CPU.ActiveCfg = Debug|Any CPU
		{F6C49237-723E-45FF-9C79-46A03AC80448}.Debug|Any CPU.Build.0 = Debug|Any CPU
		{F6C49237-723E-45FF-9C79-46A03AC80448}.Release|Any CPU.ActiveCfg = Release|Any CPU
		{F6C49237-723E-45FF-9C79-46A03AC80448}.Release|Any CPU.Build.0 = Release|Any CPU
		{6E132F1C-F285-4535-ABEE-F02FC0BD18CB}.Debug|Any CPU.ActiveCfg = Debug|Any CPU
		{6E132F1C-F285-4535-ABEE-F02FC0BD18CB}.Debug|Any CPU.Build.0 = Debug|Any CPU
		{6E132F1C-F285-4535-ABEE-F02FC0BD18CB}.Release|Any CPU.ActiveCfg = Release|Any CPU
		{6E132F1C-F285-4535-ABEE-F02FC0BD18CB}.Release|Any CPU.Build.0 = Release|Any CPU
		{7E7127D3-3146-46A4-A72A-B05200A1756E}.Debug|Any CPU.ActiveCfg = Debug|Any CPU
		{7E7127D3-3146-46A4-A72A-B05200A1756E}.Debug|Any CPU.Build.0 = Debug|Any CPU
		{7E7127D3-3146-46A4-A72A-B05200A1756E}.Release|Any CPU.ActiveCfg = Release|Any CPU
		{7E7127D3-3146-46A4-A72A-B05200A1756E}.Release|Any CPU.Build.0 = Release|Any CPU
		{9152C751-21F4-4587-BA93-DD0C139B17F7}.Debug|Any CPU.ActiveCfg = Debug|Any CPU
		{9152C751-21F4-4587-BA93-DD0C139B17F7}.Debug|Any CPU.Build.0 = Debug|Any CPU
		{9152C751-21F4-4587-BA93-DD0C139B17F7}.Release|Any CPU.ActiveCfg = Release|Any CPU
		{9152C751-21F4-4587-BA93-DD0C139B17F7}.Release|Any CPU.Build.0 = Release|Any CPU
		{D75EF23C-2E65-4BF7-90D3-C21C73A3E9C3}.Debug|Any CPU.ActiveCfg = Debug|Any CPU
		{D75EF23C-2E65-4BF7-90D3-C21C73A3E9C3}.Debug|Any CPU.Build.0 = Debug|Any CPU
		{D75EF23C-2E65-4BF7-90D3-C21C73A3E9C3}.Release|Any CPU.ActiveCfg = Release|Any CPU
		{D75EF23C-2E65-4BF7-90D3-C21C73A3E9C3}.Release|Any CPU.Build.0 = Release|Any CPU
	EndGlobalSection
	GlobalSection(SolutionProperties) = preSolution
		HideSolutionNode = FALSE
	EndGlobalSection
	GlobalSection(ExtensibilityGlobals) = postSolution
		SolutionGuid = {49EC8EBE-DF7D-4176-A313-2F16D0FC658A}
	EndGlobalSection
EndGlobal
